{
  "name": "djot-hljs-tests",
  "version": "1.0.0",
  "lockfileVersion": 3,
  "requires": true,
  "packages": {
    "": {
      "name": "djot-hljs-tests",
      "version": "1.0.0",
      "devDependencies": {
        "djot-grammars": "github:php-collective/djot-grammars",
        "highlight.js": "^11.9.0"
      }
    },
    "node_modules/djot-grammars": {
      "version": "1.0.0",
      "resolved": "git+ssh://git@github.com/php-collective/djot-grammars.git#65351d39b913db95bf191266e675eb355f4ad911",
      "dev": true,
      "license": "MIT"
    },
    "node_modules/highlight.js": {
      "version": "11.11.1",
      "resolved": "https://registry.npmjs.org/highlight.js/-/highlight.js-11.11.1.tgz",
      "integrity": "sha512-Xwwo44whKBVCYoliBQwaPvtd/2tYFkRQtXDWj1nackaV2JPXx3L0+Jvd8/qCJ2p+ML0/XVkJ2q+Mr+UVdpJK5w==",
      "dev": true,
      "engines": {
        "node": ">=12.0.0"
      }
    }
  }
}
